// !$*UTF8*$!
{
	archiveVersion = 1;
	classes = {
	};
	objectVersion = 52;
	objects = {

/* Begin PBXBuildFile section */
		711A88B925AA0F7900423020 /* URLSession_Practice.storyboard in Resources */ = {isa = PBXBuildFile; fileRef = 711A88B825AA0F7900423020 /* URLSession_Practice.storyboard */; };
		711A88BD25AA10B700423020 /* URLSession_PracticeViewController.swift in Sources */ = {isa = PBXBuildFile; fileRef = 711A88BC25AA10B700423020 /* URLSession_PracticeViewController.swift */; };
		711A88C125AA175500423020 /* BoredAPI.swift in Sources */ = {isa = PBXBuildFile; fileRef = 711A88C025AA175500423020 /* BoredAPI.swift */; };
		711A88C825AB4CD600423020 /* GCD_Practice.storyboard in Resources */ = {isa = PBXBuildFile; fileRef = 711A88C725AB4CD600423020 /* GCD_Practice.storyboard */; };
		711A88CB25AB4CF000423020 /* GCD_PracticeViewController.swift in Sources */ = {isa = PBXBuildFile; fileRef = 711A88CA25AB4CF000423020 /* GCD_PracticeViewController.swift */; };
		714AE86A25A5BCE3007A1CBE /* AppDelegate.swift in Sources */ = {isa = PBXBuildFile; fileRef = 714AE86925A5BCE3007A1CBE /* AppDelegate.swift */; };
		714AE86C25A5BCE3007A1CBE /* SceneDelegate.swift in Sources */ = {isa = PBXBuildFile; fileRef = 714AE86B25A5BCE3007A1CBE /* SceneDelegate.swift */; };
		714AE86E25A5BCE3007A1CBE /* ViewController.swift in Sources */ = {isa = PBXBuildFile; fileRef = 714AE86D25A5BCE3007A1CBE /* ViewController.swift */; };
		714AE87125A5BCE3007A1CBE /* Main.storyboard in Resources */ = {isa = PBXBuildFile; fileRef = 714AE86F25A5BCE3007A1CBE /* Main.storyboard */; };
		714AE87325A5BCE7007A1CBE /* Assets.xcassets in Resources */ = {isa = PBXBuildFile; fileRef = 714AE87225A5BCE7007A1CBE /* Assets.xcassets */; };
		714AE87625A5BCE7007A1CBE /* LaunchScreen.storyboard in Resources */ = {isa = PBXBuildFile; fileRef = 714AE87425A5BCE7007A1CBE /* LaunchScreen.storyboard */; };
		716050A425A9887C00450DE7 /* Delegate_PracticeViewController.swift in Sources */ = {isa = PBXBuildFile; fileRef = 716050A325A9887C00450DE7 /* Delegate_PracticeViewController.swift */; };
		716050A925A988A000450DE7 /* Delegate_Practice.storyboard in Resources */ = {isa = PBXBuildFile; fileRef = 716050A825A988A000450DE7 /* Delegate_Practice.storyboard */; };
		716B304B25BD9E32005E5076 /* Property_PracticeViewController.swift in Sources */ = {isa = PBXBuildFile; fileRef = 716B304A25BD9E32005E5076 /* Property_PracticeViewController.swift */; };
		716B304E25BD9E6D005E5076 /* Property_Practice.storyboard in Resources */ = {isa = PBXBuildFile; fileRef = 716B304D25BD9E6D005E5076 /* Property_Practice.storyboard */; };
		7191D0A925A73DAF009CB003 /* RxSwift_Practice.storyboard in Resources */ = {isa = PBXBuildFile; fileRef = 7191D0A825A73DAF009CB003 /* RxSwift_Practice.storyboard */; };
		7191D0AC25A73DDD009CB003 /* RxSwift_PracticeViewController.swift in Sources */ = {isa = PBXBuildFile; fileRef = 7191D0AB25A73DDD009CB003 /* RxSwift_PracticeViewController.swift */; };
		7191D0B225A97AFC009CB003 /* Protocol-Practice.swift in Sources */ = {isa = PBXBuildFile; fileRef = 7191D0B125A97AFC009CB003 /* Protocol-Practice.swift */; };
		71DE2DD726A6A6DB00C6E9B0 /* RxCocoa in Frameworks */ = {isa = PBXBuildFile; productRef = 71DE2DD626A6A6DB00C6E9B0 /* RxCocoa */; };
		71DE2DD926A6A6DB00C6E9B0 /* RxSwift in Frameworks */ = {isa = PBXBuildFile; productRef = 71DE2DD826A6A6DB00C6E9B0 /* RxSwift */; };
/* End PBXBuildFile section */

/* Begin PBXFileReference section */
		711A88B825AA0F7900423020 /* URLSession_Practice.storyboard */ = {isa = PBXFileReference; lastKnownFileType = file.storyboard; path = URLSession_Practice.storyboard; sourceTree = "<group>"; };
		711A88BC25AA10B700423020 /* URLSession_PracticeViewController.swift */ = {isa = PBXFileReference; lastKnownFileType = sourcecode.swift; path = URLSession_PracticeViewController.swift; sourceTree = "<group>"; };
		711A88C025AA175500423020 /* BoredAPI.swift */ = {isa = PBXFileReference; lastKnownFileType = sourcecode.swift; path = BoredAPI.swift; sourceTree = "<group>"; };
		711A88C725AB4CD600423020 /* GCD_Practice.storyboard */ = {isa = PBXFileReference; lastKnownFileType = file.storyboard; path = GCD_Practice.storyboard; sourceTree = "<group>"; };
		711A88CA25AB4CF000423020 /* GCD_PracticeViewController.swift */ = {isa = PBXFileReference; lastKnownFileType = sourcecode.swift; path = GCD_PracticeViewController.swift; sourceTree = "<group>"; };
		714AE86625A5BCE3007A1CBE /* DailyCoding.app */ = {isa = PBXFileReference; explicitFileType = wrapper.application; includeInIndex = 0; path = DailyCoding.app; sourceTree = BUILT_PRODUCTS_DIR; };
		714AE86925A5BCE3007A1CBE /* AppDelegate.swift */ = {isa = PBXFileReference; lastKnownFileType = sourcecode.swift; path = AppDelegate.swift; sourceTree = "<group>"; };
		714AE86B25A5BCE3007A1CBE /* SceneDelegate.swift */ = {isa = PBXFileReference; lastKnownFileType = sourcecode.swift; path = SceneDelegate.swift; sourceTree = "<group>"; };
		714AE86D25A5BCE3007A1CBE /* ViewController.swift */ = {isa = PBXFileReference; lastKnownFileType = sourcecode.swift; path = ViewController.swift; sourceTree = "<group>"; };
		714AE87025A5BCE3007A1CBE /* Base */ = {isa = PBXFileReference; lastKnownFileType = file.storyboard; name = Base; path = Base.lproj/Main.storyboard; sourceTree = "<group>"; };
		714AE87225A5BCE7007A1CBE /* Assets.xcassets */ = {isa = PBXFileReference; lastKnownFileType = folder.assetcatalog; path = Assets.xcassets; sourceTree = "<group>"; };
		714AE87525A5BCE7007A1CBE /* Base */ = {isa = PBXFileReference; lastKnownFileType = file.storyboard; name = Base; path = Base.lproj/LaunchScreen.storyboard; sourceTree = "<group>"; };
		714AE87725A5BCE7007A1CBE /* Info.plist */ = {isa = PBXFileReference; lastKnownFileType = text.plist.xml; path = Info.plist; sourceTree = "<group>"; };
		716050A325A9887C00450DE7 /* Delegate_PracticeViewController.swift */ = {isa = PBXFileReference; lastKnownFileType = sourcecode.swift; path = Delegate_PracticeViewController.swift; sourceTree = "<group>"; };
		716050A825A988A000450DE7 /* Delegate_Practice.storyboard */ = {isa = PBXFileReference; lastKnownFileType = file.storyboard; path = Delegate_Practice.storyboard; sourceTree = "<group>"; };
		716B304A25BD9E32005E5076 /* Property_PracticeViewController.swift */ = {isa = PBXFileReference; lastKnownFileType = sourcecode.swift; path = Property_PracticeViewController.swift; sourceTree = "<group>"; };
		716B304D25BD9E6D005E5076 /* Property_Practice.storyboard */ = {isa = PBXFileReference; lastKnownFileType = file.storyboard; path = Property_Practice.storyboard; sourceTree = "<group>"; };
		7191D0A825A73DAF009CB003 /* RxSwift_Practice.storyboard */ = {isa = PBXFileReference; lastKnownFileType = file.storyboard; path = RxSwift_Practice.storyboard; sourceTree = "<group>"; };
		7191D0AB25A73DDD009CB003 /* RxSwift_PracticeViewController.swift */ = {isa = PBXFileReference; lastKnownFileType = sourcecode.swift; path = RxSwift_PracticeViewController.swift; sourceTree = "<group>"; };
		7191D0B125A97AFC009CB003 /* Protocol-Practice.swift */ = {isa = PBXFileReference; lastKnownFileType = sourcecode.swift; path = "Protocol-Practice.swift"; sourceTree = "<group>"; };
/* End PBXFileReference section */

/* Begin PBXFrameworksBuildPhase section */
		714AE86325A5BCE3007A1CBE /* Frameworks */ = {
			isa = PBXFrameworksBuildPhase;
			buildActionMask = 2147483647;
			files = (
				71DE2DD926A6A6DB00C6E9B0 /* RxSwift in Frameworks */,
				71DE2DD726A6A6DB00C6E9B0 /* RxCocoa in Frameworks */,
			);
			runOnlyForDeploymentPostprocessing = 0;
		};
/* End PBXFrameworksBuildPhase section */

/* Begin PBXGroup section */
		711A88B725AA0F1C00423020 /* URLSession_Practice */ = {
			isa = PBXGroup;
			children = (
				711A88C025AA175500423020 /* BoredAPI.swift */,
				711A88BC25AA10B700423020 /* URLSession_PracticeViewController.swift */,
				711A88B825AA0F7900423020 /* URLSession_Practice.storyboard */,
			);
			path = URLSession_Practice;
			sourceTree = "<group>";
		};
		711A88C625AB4C4100423020 /* GCD_Practice */ = {
			isa = PBXGroup;
			children = (
				711A88CA25AB4CF000423020 /* GCD_PracticeViewController.swift */,
				711A88C725AB4CD600423020 /* GCD_Practice.storyboard */,
			);
			path = GCD_Practice;
			sourceTree = "<group>";
		};
		714AE85D25A5BCE3007A1CBE = {
			isa = PBXGroup;
			children = (
				714AE86825A5BCE3007A1CBE /* DailyCoding */,
				714AE86725A5BCE3007A1CBE /* Products */,
			);
			sourceTree = "<group>";
		};
		714AE86725A5BCE3007A1CBE /* Products */ = {
			isa = PBXGroup;
			children = (
				714AE86625A5BCE3007A1CBE /* DailyCoding.app */,
			);
			name = Products;
			sourceTree = "<group>";
		};
		714AE86825A5BCE3007A1CBE /* DailyCoding */ = {
			isa = PBXGroup;
			children = (
				714AE86925A5BCE3007A1CBE /* AppDelegate.swift */,
				714AE86B25A5BCE3007A1CBE /* SceneDelegate.swift */,
				714AE86D25A5BCE3007A1CBE /* ViewController.swift */,
				714AE86F25A5BCE3007A1CBE /* Main.storyboard */,
				7191D0A725A73D5C009CB003 /* RxSwift_Practice */,
				7191D0B525A97B11009CB003 /* Protocol_Practice */,
				716050A225A9884A00450DE7 /* Delegate_Practice */,
				711A88B725AA0F1C00423020 /* URLSession_Practice */,
				711A88C625AB4C4100423020 /* GCD_Practice */,
				716B304925BD9DF8005E5076 /* Property_Practice */,
				714AE87225A5BCE7007A1CBE /* Assets.xcassets */,
				714AE87425A5BCE7007A1CBE /* LaunchScreen.storyboard */,
				714AE87725A5BCE7007A1CBE /* Info.plist */,
			);
			path = DailyCoding;
			sourceTree = "<group>";
		};
		716050A225A9884A00450DE7 /* Delegate_Practice */ = {
			isa = PBXGroup;
			children = (
				716050A325A9887C00450DE7 /* Delegate_PracticeViewController.swift */,
				716050A825A988A000450DE7 /* Delegate_Practice.storyboard */,
			);
			path = Delegate_Practice;
			sourceTree = "<group>";
		};
		716B304925BD9DF8005E5076 /* Property_Practice */ = {
			isa = PBXGroup;
			children = (
				716B304A25BD9E32005E5076 /* Property_PracticeViewController.swift */,
				716B304D25BD9E6D005E5076 /* Property_Practice.storyboard */,
			);
			path = Property_Practice;
			sourceTree = "<group>";
		};
		7191D0A725A73D5C009CB003 /* RxSwift_Practice */ = {
			isa = PBXGroup;
			children = (
				7191D0AB25A73DDD009CB003 /* RxSwift_PracticeViewController.swift */,
				7191D0A825A73DAF009CB003 /* RxSwift_Practice.storyboard */,
			);
			path = RxSwift_Practice;
			sourceTree = "<group>";
		};
		7191D0B525A97B11009CB003 /* Protocol_Practice */ = {
			isa = PBXGroup;
			children = (
				7191D0B125A97AFC009CB003 /* Protocol-Practice.swift */,
			);
			path = Protocol_Practice;
			sourceTree = "<group>";
		};
/* End PBXGroup section */

/* Begin PBXNativeTarget section */
		714AE86525A5BCE3007A1CBE /* DailyCoding */ = {
			isa = PBXNativeTarget;
			buildConfigurationList = 714AE87A25A5BCE7007A1CBE /* Build configuration list for PBXNativeTarget "DailyCoding" */;
			buildPhases = (
				714AE86225A5BCE3007A1CBE /* Sources */,
				714AE86325A5BCE3007A1CBE /* Frameworks */,
				714AE86425A5BCE3007A1CBE /* Resources */,
			);
			buildRules = (
			);
			dependencies = (
			);
			name = DailyCoding;
			packageProductDependencies = (
				71DE2DD626A6A6DB00C6E9B0 /* RxCocoa */,
				71DE2DD826A6A6DB00C6E9B0 /* RxSwift */,
			);
			productName = DailyCoding;
			productReference = 714AE86625A5BCE3007A1CBE /* DailyCoding.app */;
			productType = "com.apple.product-type.application";
		};
/* End PBXNativeTarget section */

/* Begin PBXProject section */
		714AE85E25A5BCE3007A1CBE /* Project object */ = {
			isa = PBXProject;
			attributes = {
				LastSwiftUpdateCheck = 1230;
				LastUpgradeCheck = 1230;
				TargetAttributes = {
					714AE86525A5BCE3007A1CBE = {
						CreatedOnToolsVersion = 12.3;
					};
				};
			};
			buildConfigurationList = 714AE86125A5BCE3007A1CBE /* Build configuration list for PBXProject "DailyCoding" */;
			compatibilityVersion = "Xcode 9.3";
			developmentRegion = en;
			hasScannedForEncodings = 0;
			knownRegions = (
				en,
				Base,
			);
			mainGroup = 714AE85D25A5BCE3007A1CBE;
			packageReferences = (
				71DE2DD526A6A6DB00C6E9B0 /* XCRemoteSwiftPackageReference "RxSwift" */,
			);
			productRefGroup = 714AE86725A5BCE3007A1CBE /* Products */;
			projectDirPath = "";
			projectRoot = "";
			targets = (
				714AE86525A5BCE3007A1CBE /* DailyCoding */,
			);
		};
/* End PBXProject section */

/* Begin PBXResourcesBuildPhase section */
		714AE86425A5BCE3007A1CBE /* Resources */ = {
			isa = PBXResourcesBuildPhase;
			buildActionMask = 2147483647;
			files = (
				711A88B925AA0F7900423020 /* URLSession_Practice.storyboard in Resources */,
				714AE87625A5BCE7007A1CBE /* LaunchScreen.storyboard in Resources */,
				716B304E25BD9E6D005E5076 /* Property_Practice.storyboard in Resources */,
				7191D0A925A73DAF009CB003 /* RxSwift_Practice.storyboard in Resources */,
				711A88C825AB4CD600423020 /* GCD_Practice.storyboard in Resources */,
				716050A925A988A000450DE7 /* Delegate_Practice.storyboard in Resources */,
				714AE87325A5BCE7007A1CBE /* Assets.xcassets in Resources */,
				714AE87125A5BCE3007A1CBE /* Main.storyboard in Resources */,
			);
			runOnlyForDeploymentPostprocessing = 0;
		};
/* End PBXResourcesBuildPhase section */

/* Begin PBXSourcesBuildPhase section */
		714AE86225A5BCE3007A1CBE /* Sources */ = {
			isa = PBXSourcesBuildPhase;
			buildActionMask = 2147483647;
			files = (
				716B304B25BD9E32005E5076 /* Property_PracticeViewController.swift in Sources */,
				716050A425A9887C00450DE7 /* Delegate_PracticeViewController.swift in Sources */,
				714AE86E25A5BCE3007A1CBE /* ViewController.swift in Sources */,
				7191D0AC25A73DDD009CB003 /* RxSwift_PracticeViewController.swift in Sources */,
				7191D0B225A97AFC009CB003 /* Protocol-Practice.swift in Sources */,
				714AE86A25A5BCE3007A1CBE /* AppDelegate.swift in Sources */,
				711A88CB25AB4CF000423020 /* GCD_PracticeViewController.swift in Sources */,
				711A88BD25AA10B700423020 /* URLSession_PracticeViewController.swift in Sources */,
				714AE86C25A5BCE3007A1CBE /* SceneDelegate.swift in Sources */,
				711A88C125AA175500423020 /* BoredAPI.swift in Sources */,
			);
			runOnlyForDeploymentPostprocessing = 0;
		};
/* End PBXSourcesBuildPhase section */

/* Begin PBXVariantGroup section */
		714AE86F25A5BCE3007A1CBE /* Main.storyboard */ = {
			isa = PBXVariantGroup;
			children = (
				714AE87025A5BCE3007A1CBE /* Base */,
			);
			name = Main.storyboard;
			sourceTree = "<group>";
		};
		714AE87425A5BCE7007A1CBE /* LaunchScreen.storyboard */ = {
			isa = PBXVariantGroup;
			children = (
				714AE87525A5BCE7007A1CBE /* Base */,
			);
			name = LaunchScreen.storyboard;
			sourceTree = "<group>";
		};
/* End PBXVariantGroup section */

/* Begin XCBuildConfiguration section */
		714AE87825A5BCE7007A1CBE /* Debug */ = {
			isa = XCBuildConfiguration;
			buildSettings = {
				ALWAYS_SEARCH_USER_PATHS = NO;
				CLANG_ANALYZER_NONNULL = YES;
				CLANG_ANALYZER_NUMBER_OBJECT_CONVERSION = YES_AGGRESSIVE;
				CLANG_CXX_LANGUAGE_STANDARD = "gnu++14";
				CLANG_CXX_LIBRARY = "libc++";
				CLANG_ENABLE_MODULES = YES;
				CLANG_ENABLE_OBJC_ARC = YES;
				CLANG_ENABLE_OBJC_WEAK = YES;
				CLANG_WARN_BLOCK_CAPTURE_AUTORELEASING = YES;
				CLANG_WARN_BOOL_CONVERSION = YES;
				CLANG_WARN_COMMA = YES;
				CLANG_WARN_CONSTANT_CONVERSION = YES;
				CLANG_WARN_DEPRECATED_OBJC_IMPLEMENTATIONS = YES;
				CLANG_WARN_DIRECT_OBJC_ISA_USAGE = YES_ERROR;
				CLANG_WARN_DOCUMENTATION_COMMENTS = YES;
				CLANG_WARN_EMPTY_BODY = YES;
				CLANG_WARN_ENUM_CONVERSION = YES;
				CLANG_WARN_INFINITE_RECURSION = YES;
				CLANG_WARN_INT_CONVERSION = YES;
				CLANG_WARN_NON_LITERAL_NULL_CONVERSION = YES;
				CLANG_WARN_OBJC_IMPLICIT_RETAIN_SELF = YES;
				CLANG_WARN_OBJC_LITERAL_CONVERSION = YES;
				CLANG_WARN_OBJC_ROOT_CLASS = YES_ERROR;
				CLANG_WARN_QUOTED_INCLUDE_IN_FRAMEWORK_HEADER = YES;
				CLANG_WARN_RANGE_LOOP_ANALYSIS = YES;
				CLANG_WARN_STRICT_PROTOTYPES = YES;
				CLANG_WARN_SUSPICIOUS_MOVE = YES;
				CLANG_WARN_UNGUARDED_AVAILABILITY = YES_AGGRESSIVE;
				CLANG_WARN_UNREACHABLE_CODE = YES;
				CLANG_WARN__DUPLICATE_METHOD_MATCH = YES;
				COPY_PHASE_STRIP = NO;
				DEBUG_INFORMATION_FORMAT = dwarf;
				ENABLE_STRICT_OBJC_MSGSEND = YES;
				ENABLE_TESTABILITY = YES;
				GCC_C_LANGUAGE_STANDARD = gnu11;
				GCC_DYNAMIC_NO_PIC = NO;
				GCC_NO_COMMON_BLOCKS = YES;
				GCC_OPTIMIZATION_LEVEL = 0;
				GCC_PREPROCESSOR_DEFINITIONS = (
					"DEBUG=1",
					"$(inherited)",
				);
				GCC_WARN_64_TO_32_BIT_CONVERSION = YES;
				GCC_WARN_ABOUT_RETURN_TYPE = YES_ERROR;
				GCC_WARN_UNDECLARED_SELECTOR = YES;
				GCC_WARN_UNINITIALIZED_AUTOS = YES_AGGRESSIVE;
				GCC_WARN_UNUSED_FUNCTION = YES;
				GCC_WARN_UNUSED_VARIABLE = YES;
				IPHONEOS_DEPLOYMENT_TARGET = 14.3;
				MTL_ENABLE_DEBUG_INFO = INCLUDE_SOURCE;
				MTL_FAST_MATH = YES;
				ONLY_ACTIVE_ARCH = YES;
				SDKROOT = iphoneos;
				SWIFT_ACTIVE_COMPILATION_CONDITIONS = DEBUG;
				SWIFT_OPTIMIZATION_LEVEL = "-Onone";
			};
			name = Debug;
		};
		714AE87925A5BCE7007A1CBE /* Release */ = {
			isa = XCBuildConfiguration;
			buildSettings = {
				ALWAYS_SEARCH_USER_PATHS = NO;
				CLANG_ANALYZER_NONNULL = YES;
				CLANG_ANALYZER_NUMBER_OBJECT_CONVERSION = YES_AGGRESSIVE;
				CLANG_CXX_LANGUAGE_STANDARD = "gnu++14";
				CLANG_CXX_LIBRARY = "libc++";
				CLANG_ENABLE_MODULES = YES;
				CLANG_ENABLE_OBJC_ARC = YES;
				CLANG_ENABLE_OBJC_WEAK = YES;
				CLANG_WARN_BLOCK_CAPTURE_AUTORELEASING = YES;
				CLANG_WARN_BOOL_CONVERSION = YES;
				CLANG_WARN_COMMA = YES;
				CLANG_WARN_CONSTANT_CONVERSION = YES;
				CLANG_WARN_DEPRECATED_OBJC_IMPLEMENTATIONS = YES;
				CLANG_WARN_DIRECT_OBJC_ISA_USAGE = YES_ERROR;
				CLANG_WARN_DOCUMENTATION_COMMENTS = YES;
				CLANG_WARN_EMPTY_BODY = YES;
				CLANG_WARN_ENUM_CONVERSION = YES;
				CLANG_WARN_INFINITE_RECURSION = YES;
				CLANG_WARN_INT_CONVERSION = YES;
				CLANG_WARN_NON_LITERAL_NULL_CONVERSION = YES;
				CLANG_WARN_OBJC_IMPLICIT_RETAIN_SELF = YES;
				CLANG_WARN_OBJC_LITERAL_CONVERSION = YES;
				CLANG_WARN_OBJC_ROOT_CLASS = YES_ERROR;
				CLANG_WARN_QUOTED_INCLUDE_IN_FRAMEWORK_HEADER = YES;
				CLANG_WARN_RANGE_LOOP_ANALYSIS = YES;
				CLANG_WARN_STRICT_PROTOTYPES = YES;
				CLANG_WARN_SUSPICIOUS_MOVE = YES;
				CLANG_WARN_UNGUARDED_AVAILABILITY = YES_AGGRESSIVE;
				CLANG_WARN_UNREACHABLE_CODE = YES;
				CLANG_WARN__DUPLICATE_METHOD_MATCH = YES;
				COPY_PHASE_STRIP = NO;
				DEBUG_INFORMATION_FORMAT = "dwarf-with-dsym";
				ENABLE_NS_ASSERTIONS = NO;
				ENABLE_STRICT_OBJC_MSGSEND = YES;
				GCC_C_LANGUAGE_STANDARD = gnu11;
				GCC_NO_COMMON_BLOCKS = YES;
				GCC_WARN_64_TO_32_BIT_CONVERSION = YES;
				GCC_WARN_ABOUT_RETURN_TYPE = YES_ERROR;
				GCC_WARN_UNDECLARED_SELECTOR = YES;
				GCC_WARN_UNINITIALIZED_AUTOS = YES_AGGRESSIVE;
				GCC_WARN_UNUSED_FUNCTION = YES;
				GCC_WARN_UNUSED_VARIABLE = YES;
				IPHONEOS_DEPLOYMENT_TARGET = 14.3;
				MTL_ENABLE_DEBUG_INFO = NO;
				MTL_FAST_MATH = YES;
				SDKROOT = iphoneos;
				SWIFT_COMPILATION_MODE = wholemodule;
				SWIFT_OPTIMIZATION_LEVEL = "-O";
				VALIDATE_PRODUCT = YES;
			};
			name = Release;
		};
		714AE87B25A5BCE7007A1CBE /* Debug */ = {
			isa = XCBuildConfiguration;
			buildSettings = {
				ASSETCATALOG_COMPILER_APPICON_NAME = AppIcon;
				ASSETCATALOG_COMPILER_GLOBAL_ACCENT_COLOR_NAME = AccentColor;
				CODE_SIGN_STYLE = Automatic;
				DEVELOPMENT_TEAM = 6DY8J3CVQU;
				INFOPLIST_FILE = DailyCoding/Info.plist;
				LD_RUNPATH_SEARCH_PATHS = (
					"$(inherited)",
					"@executable_path/Frameworks",
				);
				PRODUCT_BUNDLE_IDENTIFIER = com.Ryota.DailyCoding;
				PRODUCT_NAME = "$(TARGET_NAME)";
				SWIFT_VERSION = 5.0;
				TARGETED_DEVICE_FAMILY = "1,2";
			};
			name = Debug;
		};
		714AE87C25A5BCE7007A1CBE /* Release */ = {
			isa = XCBuildConfiguration;
			buildSettings = {
				ASSETCATALOG_COMPILER_APPICON_NAME = AppIcon;
				ASSETCATALOG_COMPILER_GLOBAL_ACCENT_COLOR_NAME = AccentColor;
				CODE_SIGN_STYLE = Automatic;
				DEVELOPMENT_TEAM = 6DY8J3CVQU;
				INFOPLIST_FILE = DailyCoding/Info.plist;
				LD_RUNPATH_SEARCH_PATHS = (
					"$(inherited)",
					"@executable_path/Frameworks",
				);
				PRODUCT_BUNDLE_IDENTIFIER = com.Ryota.DailyCoding;
				PRODUCT_NAME = "$(TARGET_NAME)";
				SWIFT_VERSION = 5.0;
				TARGETED_DEVICE_FAMILY = "1,2";
			};
			name = Release;
		};
/* End XCBuildConfiguration section */

/* Begin XCConfigurationList section */
		714AE86125A5BCE3007A1CBE /* Build configuration list for PBXProject "DailyCoding" */ = {
			isa = XCConfigurationList;
			buildConfigurations = (
				714AE87825A5BCE7007A1CBE /* Debug */,
				714AE87925A5BCE7007A1CBE /* Release */,
			);
			defaultConfigurationIsVisible = 0;
			defaultConfigurationName = Release;
		};
		714AE87A25A5BCE7007A1CBE /* Build configuration list for PBXNativeTarget "DailyCoding" */ = {
			isa = XCConfigurationList;
			buildConfigurations = (
				714AE87B25A5BCE7007A1CBE /* Debug */,
				714AE87C25A5BCE7007A1CBE /* Release */,
			);
			defaultConfigurationIsVisible = 0;
			defaultConfigurationName = Release;
		};
/* End XCConfigurationList section */

/* Begin XCRemoteSwiftPackageReference section */
		71DE2DD526A6A6DB00C6E9B0 /* XCRemoteSwiftPackageReference "RxSwift" */ = {
			isa = XCRemoteSwiftPackageReference;
			repositoryURL = "https://github.com/ReactiveX/RxSwift.git";
			requirement = {
				kind = upToNextMajorVersion;
				minimumVersion = 6.2.0;
			};
		};
/* End XCRemoteSwiftPackageReference section */

/* Begin XCSwiftPackageProductDependency section */
		71DE2DD626A6A6DB00C6E9B0 /* RxCocoa */ = {
			isa = XCSwiftPackageProductDependency;
			package = 71DE2DD526A6A6DB00C6E9B0 /* XCRemoteSwiftPackageReference "RxSwift" */;
			productName = RxCocoa;
		};
		71DE2DD826A6A6DB00C6E9B0 /* RxSwift */ = {
			isa = XCSwiftPackageProductDependency;
			package = 71DE2DD526A6A6DB00C6E9B0 /* XCRemoteSwiftPackageReference "RxSwift" */;
			productName = RxSwift;
		};
/* End XCSwiftPackageProductDependency section */
	};
	rootObject = 714AE85E25A5BCE3007A1CBE /* Project object */;
}
